
Microsoft Visual Studio Solution File, Format Version 12.00
# Visual Studio Version 16
VisualStudioVersion = 16.0.34729.46
MinimumVisualStudioVersion = 10.0.40219.1
Project("{FAE04EC0-301F-11D3-BF4B-00C04F79EFBC}") = "Visitor", "Visitor\Visitor.csproj", "{1151AA60-D140-4CDD-A134-DB854458DFFB}"
EndProject
Global
	GlobalSection(SolutionConfigurationPlatforms) = preSolution
		Debug|Any CPU = Debug|Any CPU
		Release|Any CPU = Release|Any CPU
	EndGlobalSection
	GlobalSection(ProjectConfigurationPlatforms) = postSolution
		{1151AA60-D140-4CDD-A134-DB854458DFFB}.Debug|Any CPU.ActiveCfg = Debug|Any CPU
		{1151AA60-D140-4CDD-A134-DB854458DFFB}.Debug|Any CPU.Build.0 = Debug|Any CPU
		{1151AA60-D140-4CDD-A134-DB854458DFFB}.Release|Any CPU.ActiveCfg = Release|Any CPU
		{1151AA60-D140-4CDD-A134-DB854458DFFB}.Release|Any CPU.Build.0 = Release|Any CPU
	EndGlobalSection
	GlobalSection(SolutionProperties) = preSolution
		HideSolutionNode = FALSE
	EndGlobalSection
	GlobalSection(ExtensibilityGlobals) = postSolution
		SolutionGuid = {834D8281-F275-4CF7-A52D-987616CAC949}
	EndGlobalSection
EndGlobal
