
Microsoft Visual Studio Solution File, Format Version 12.00
# Visual Studio Version 16
VisualStudioVersion = 16.0.34729.46
MinimumVisualStudioVersion = 10.0.40219.1
Project("{FAE04EC0-301F-11D3-BF4B-00C04F79EFBC}") = "Flyweight", "Flyweight\Flyweight.csproj", "{63BDBA7C-8972-45D3-882E-8C422E529231}"
EndProject
Global
	GlobalSection(SolutionConfigurationPlatforms) = preSolution
		Debug|Any CPU = Debug|Any CPU
		Release|Any CPU = Release|Any CPU
	EndGlobalSection
	GlobalSection(ProjectConfigurationPlatforms) = postSolution
		{63BDBA7C-8972-45D3-882E-8C422E529231}.Debug|Any CPU.ActiveCfg = Debug|Any CPU
		{63BDBA7C-8972-45D3-882E-8C422E529231}.Debug|Any CPU.Build.0 = Debug|Any CPU
		{63BDBA7C-8972-45D3-882E-8C422E529231}.Release|Any CPU.ActiveCfg = Release|Any CPU
		{63BDBA7C-8972-45D3-882E-8C422E529231}.Release|Any CPU.Build.0 = Release|Any CPU
	EndGlobalSection
	GlobalSection(SolutionProperties) = preSolution
		HideSolutionNode = FALSE
	EndGlobalSection
	GlobalSection(ExtensibilityGlobals) = postSolution
		SolutionGuid = {E2838A41-4731-4082-923C-79059EAE6E98}
	EndGlobalSection
EndGlobal
