
Microsoft Visual Studio Solution File, Format Version 12.00
# Visual Studio Version 16
VisualStudioVersion = 16.0.34729.46
MinimumVisualStudioVersion = 10.0.40219.1
Project("{FAE04EC0-301F-11D3-BF4B-00C04F79EFBC}") = "Proxy", "Proxy\Proxy.csproj", "{43FDCB44-3664-423E-A668-25764289B752}"
EndProject
Global
	GlobalSection(SolutionConfigurationPlatforms) = preSolution
		Debug|Any CPU = Debug|Any CPU
		Release|Any CPU = Release|Any CPU
	EndGlobalSection
	GlobalSection(ProjectConfigurationPlatforms) = postSolution
		{43FDCB44-3664-423E-A668-25764289B752}.Debug|Any CPU.ActiveCfg = Debug|Any CPU
		{43FDCB44-3664-423E-A668-25764289B752}.Debug|Any CPU.Build.0 = Debug|Any CPU
		{43FDCB44-3664-423E-A668-25764289B752}.Release|Any CPU.ActiveCfg = Release|Any CPU
		{43FDCB44-3664-423E-A668-25764289B752}.Release|Any CPU.Build.0 = Release|Any CPU
	EndGlobalSection
	GlobalSection(SolutionProperties) = preSolution
		HideSolutionNode = FALSE
	EndGlobalSection
	GlobalSection(ExtensibilityGlobals) = postSolution
		SolutionGuid = {EFB14049-91B8-4C00-948E-0D79CD5B183A}
	EndGlobalSection
EndGlobal
