
Microsoft Visual Studio Solution File, Format Version 12.00
# Visual Studio Version 16
VisualStudioVersion = 16.0.34729.46
MinimumVisualStudioVersion = 10.0.40219.1
Project("{FAE04EC0-301F-11D3-BF4B-00C04F79EFBC}") = "Template Method", "Template Method\Template Method.csproj", "{37B1EA57-794A-4F5D-B6C6-8C80B35FED68}"
EndProject
Global
	GlobalSection(SolutionConfigurationPlatforms) = preSolution
		Debug|Any CPU = Debug|Any CPU
		Release|Any CPU = Release|Any CPU
	EndGlobalSection
	GlobalSection(ProjectConfigurationPlatforms) = postSolution
		{37B1EA57-794A-4F5D-B6C6-8C80B35FED68}.Debug|Any CPU.ActiveCfg = Debug|Any CPU
		{37B1EA57-794A-4F5D-B6C6-8C80B35FED68}.Debug|Any CPU.Build.0 = Debug|Any CPU
		{37B1EA57-794A-4F5D-B6C6-8C80B35FED68}.Release|Any CPU.ActiveCfg = Release|Any CPU
		{37B1EA57-794A-4F5D-B6C6-8C80B35FED68}.Release|Any CPU.Build.0 = Release|Any CPU
	EndGlobalSection
	GlobalSection(SolutionProperties) = preSolution
		HideSolutionNode = FALSE
	EndGlobalSection
	GlobalSection(ExtensibilityGlobals) = postSolution
		SolutionGuid = {4FF7FCC8-E955-4B38-B2D4-C65A96706688}
	EndGlobalSection
EndGlobal
