
Microsoft Visual Studio Solution File, Format Version 12.00
# Visual Studio Version 16
VisualStudioVersion = 16.0.34729.46
MinimumVisualStudioVersion = 10.0.40219.1
Project("{FAE04EC0-301F-11D3-BF4B-00C04F79EFBC}") = "Mediator", "Mediator\Mediator.csproj", "{62A4CA69-A25C-4D73-B0DC-E15DF8E4EAD5}"
EndProject
Global
	GlobalSection(SolutionConfigurationPlatforms) = preSolution
		Debug|Any CPU = Debug|Any CPU
		Release|Any CPU = Release|Any CPU
	EndGlobalSection
	GlobalSection(ProjectConfigurationPlatforms) = postSolution
		{62A4CA69-A25C-4D73-B0DC-E15DF8E4EAD5}.Debug|Any CPU.ActiveCfg = Debug|Any CPU
		{62A4CA69-A25C-4D73-B0DC-E15DF8E4EAD5}.Debug|Any CPU.Build.0 = Debug|Any CPU
		{62A4CA69-A25C-4D73-B0DC-E15DF8E4EAD5}.Release|Any CPU.ActiveCfg = Release|Any CPU
		{62A4CA69-A25C-4D73-B0DC-E15DF8E4EAD5}.Release|Any CPU.Build.0 = Release|Any CPU
	EndGlobalSection
	GlobalSection(SolutionProperties) = preSolution
		HideSolutionNode = FALSE
	EndGlobalSection
	GlobalSection(ExtensibilityGlobals) = postSolution
		SolutionGuid = {E6DAB842-D865-4F96-9293-26B5A2367896}
	EndGlobalSection
EndGlobal
