
Microsoft Visual Studio Solution File, Format Version 12.00
# Visual Studio Version 16
VisualStudioVersion = 16.0.34729.46
MinimumVisualStudioVersion = 10.0.40219.1
Project("{FAE04EC0-301F-11D3-BF4B-00C04F79EFBC}") = "Adapter", "Adapter\Adapter.csproj", "{27672E4E-9485-4590-8050-49491647148A}"
EndProject
Global
	GlobalSection(SolutionConfigurationPlatforms) = preSolution
		Debug|Any CPU = Debug|Any CPU
		Release|Any CPU = Release|Any CPU
	EndGlobalSection
	GlobalSection(ProjectConfigurationPlatforms) = postSolution
		{27672E4E-9485-4590-8050-49491647148A}.Debug|Any CPU.ActiveCfg = Debug|Any CPU
		{27672E4E-9485-4590-8050-49491647148A}.Debug|Any CPU.Build.0 = Debug|Any CPU
		{27672E4E-9485-4590-8050-49491647148A}.Release|Any CPU.ActiveCfg = Release|Any CPU
		{27672E4E-9485-4590-8050-49491647148A}.Release|Any CPU.Build.0 = Release|Any CPU
	EndGlobalSection
	GlobalSection(SolutionProperties) = preSolution
		HideSolutionNode = FALSE
	EndGlobalSection
	GlobalSection(ExtensibilityGlobals) = postSolution
		SolutionGuid = {61D035E7-E939-4250-BC5F-AEA4E2E961CC}
	EndGlobalSection
EndGlobal
